{
  "requires": true,
  "lockfileVersion": 1,
  "dependencies": {
    "vue-custom-element": {
      "version": "3.2.14",
      "resolved": "https://registry.npmjs.org/vue-custom-element/-/vue-custom-element-3.2.14.tgz",
      "integrity": "sha512-IZYYsqyF1wC7hFm2g6gkf7lXp9hFau+po6dL0JTaMvSglsAgnowcbkpaOUl8exC7Bs6Ir9smJSXmKGFapml6TA==",
      "dev": true
    }
  }
}
